
Microsoft Visual Studio Solution File, Format Version 12.00
# Visual Studio Version 16
VisualStudioVersion = 16.0.31702.278
MinimumVisualStudioVersion = 10.0.40219.1
Project("{8BC9CEB8-8B4A-11D0-8D11-00A0C91BC942}") = "HideWindow_r0", "HideWindow_r0.vcxproj", "{65898D86-2B30-4286-9D7D-3CDD277B5955}"
EndProject
Project("{8BC9CEB8-8B4A-11D0-8D11-00A0C91BC942}") = "HideWindowTest", "HideWindowTest\HideWindowTest.vcxproj", "{4E1C071F-862A-4E43-A5A7-2BA7A3AFF3BA}"
EndProject
Global
	GlobalSection(SolutionConfigurationPlatforms) = preSolution
		Debug|ARM = Debug|ARM
		Debug|ARM64 = Debug|ARM64
		Debug|x64 = Debug|x64
		Debug|x86 = Debug|x86
		Release|ARM = Release|ARM
		Release|ARM64 = Release|ARM64
		Release|x64 = Release|x64
		Release|x86 = Release|x86
	EndGlobalSection
	GlobalSection(ProjectConfigurationPlatforms) = postSolution
		{65898D86-2B30-4286-9D7D-3CDD277B5955}.Debug|ARM.ActiveCfg = Debug|ARM
		{65898D86-2B30-4286-9D7D-3CDD277B5955}.Debug|ARM.Build.0 = Debug|ARM
		{65898D86-2B30-4286-9D7D-3CDD277B5955}.Debug|ARM.Deploy.0 = Debug|ARM
		{65898D86-2B30-4286-9D7D-3CDD277B5955}.Debug|ARM64.ActiveCfg = Debug|ARM64
		{65898D86-2B30-4286-9D7D-3CDD277B5955}.Debug|ARM64.Build.0 = Debug|ARM64
		{65898D86-2B30-4286-9D7D-3CDD277B5955}.Debug|ARM64.Deploy.0 = Debug|ARM64
		{65898D86-2B30-4286-9D7D-3CDD277B5955}.Debug|x64.ActiveCfg = Debug|x64
		{65898D86-2B30-4286-9D7D-3CDD277B5955}.Debug|x64.Build.0 = Debug|x64
		{65898D86-2B30-4286-9D7D-3CDD277B5955}.Debug|x64.Deploy.0 = Debug|x64
		{65898D86-2B30-4286-9D7D-3CDD277B5955}.Debug|x86.ActiveCfg = Debug|Win32
		{65898D86-2B30-4286-9D7D-3CDD277B5955}.Debug|x86.Build.0 = Debug|Win32
		{65898D86-2B30-4286-9D7D-3CDD277B5955}.Debug|x86.Deploy.0 = Debug|Win32
		{65898D86-2B30-4286-9D7D-3CDD277B5955}.Release|ARM.ActiveCfg = Release|ARM
		{65898D86-2B30-4286-9D7D-3CDD277B5955}.Release|ARM.Build.0 = Release|ARM
		{65898D86-2B30-4286-9D7D-3CDD277B5955}.Release|ARM.Deploy.0 = Release|ARM
		{65898D86-2B30-4286-9D7D-3CDD277B5955}.Release|ARM64.ActiveCfg = Release|ARM64
		{65898D86-2B30-4286-9D7D-3CDD277B5955}.Release|ARM64.Build.0 = Release|ARM64
		{65898D86-2B30-4286-9D7D-3CDD277B5955}.Release|ARM64.Deploy.0 = Release|ARM64
		{65898D86-2B30-4286-9D7D-3CDD277B5955}.Release|x64.ActiveCfg = Release|x64
		{65898D86-2B30-4286-9D7D-3CDD277B5955}.Release|x64.Build.0 = Release|x64
		{65898D86-2B30-4286-9D7D-3CDD277B5955}.Release|x64.Deploy.0 = Release|x64
		{65898D86-2B30-4286-9D7D-3CDD277B5955}.Release|x86.ActiveCfg = Release|Win32
		{65898D86-2B30-4286-9D7D-3CDD277B5955}.Release|x86.Build.0 = Release|Win32
		{65898D86-2B30-4286-9D7D-3CDD277B5955}.Release|x86.Deploy.0 = Release|Win32
		{4E1C071F-862A-4E43-A5A7-2BA7A3AFF3BA}.Debug|ARM.ActiveCfg = Debug|Win32
		{4E1C071F-862A-4E43-A5A7-2BA7A3AFF3BA}.Debug|ARM64.ActiveCfg = Debug|Win32
		{4E1C071F-862A-4E43-A5A7-2BA7A3AFF3BA}.Debug|x64.ActiveCfg = Debug|x64
		{4E1C071F-862A-4E43-A5A7-2BA7A3AFF3BA}.Debug|x64.Build.0 = Debug|x64
		{4E1C071F-862A-4E43-A5A7-2BA7A3AFF3BA}.Debug|x86.ActiveCfg = Debug|Win32
		{4E1C071F-862A-4E43-A5A7-2BA7A3AFF3BA}.Debug|x86.Build.0 = Debug|Win32
		{4E1C071F-862A-4E43-A5A7-2BA7A3AFF3BA}.Release|ARM.ActiveCfg = Release|Win32
		{4E1C071F-862A-4E43-A5A7-2BA7A3AFF3BA}.Release|ARM64.ActiveCfg = Release|Win32
		{4E1C071F-862A-4E43-A5A7-2BA7A3AFF3BA}.Release|x64.ActiveCfg = Release|x64
		{4E1C071F-862A-4E43-A5A7-2BA7A3AFF3BA}.Release|x64.Build.0 = Release|x64
		{4E1C071F-862A-4E43-A5A7-2BA7A3AFF3BA}.Release|x86.ActiveCfg = Release|Win32
		{4E1C071F-862A-4E43-A5A7-2BA7A3AFF3BA}.Release|x86.Build.0 = Release|Win32
	EndGlobalSection
	GlobalSection(SolutionProperties) = preSolution
		HideSolutionNode = FALSE
	EndGlobalSection
	GlobalSection(ExtensibilityGlobals) = postSolution
		SolutionGuid = {AE81F171-8121-4D32-8A9D-17F5A568BA72}
	EndGlobalSection
EndGlobal
